
Microsoft Visual Studio Solution File, Format Version 12.00
# Visual Studio Version 16
VisualStudioVersion = 16.0.30114.105
MinimumVisualStudioVersion = 10.0.40219.1
Project("{2150E333-8FDC-42A3-9474-1A3956D46DE8}") = "src", "src", "{4C2E5C52-9134-4A03-BB69-7AF3D0E9D919}"
EndProject
Project("{FAE04EC0-301F-11D3-BF4B-00C04F79EFBC}") = "GraphQL.RedisCache", "src\GraphQL.RedisCache\GraphQL.RedisCache.csproj", "{03E19EF5-BC33-45C5-B1E3-D61890DA0EEB}"
EndProject
Global
	GlobalSection(SolutionConfigurationPlatforms) = preSolution
		Debug|Any CPU = Debug|Any CPU
		Release|Any CPU = Release|Any CPU
	EndGlobalSection
	GlobalSection(SolutionProperties) = preSolution
		HideSolutionNode = FALSE
	EndGlobalSection
	GlobalSection(NestedProjects) = preSolution
		{03E19EF5-BC33-45C5-B1E3-D61890DA0EEB} = {4C2E5C52-9134-4A03-BB69-7AF3D0E9D919}
	EndGlobalSection
	GlobalSection(ProjectConfigurationPlatforms) = postSolution
		{03E19EF5-BC33-45C5-B1E3-D61890DA0EEB}.Debug|Any CPU.ActiveCfg = Debug|Any CPU
		{03E19EF5-BC33-45C5-B1E3-D61890DA0EEB}.Debug|Any CPU.Build.0 = Debug|Any CPU
		{03E19EF5-BC33-45C5-B1E3-D61890DA0EEB}.Release|Any CPU.ActiveCfg = Release|Any CPU
		{03E19EF5-BC33-45C5-B1E3-D61890DA0EEB}.Release|Any CPU.Build.0 = Release|Any CPU
	EndGlobalSection
EndGlobal
